
Microsoft Visual Studio Solution File, Format Version 12.00
# Visual Studio Version 16
VisualStudioVersion = 16.0.29709.97
MinimumVisualStudioVersion = 10.0.40219.1
Project("{FAE04EC0-301F-11D3-BF4B-00C04F79EFBC}") = "Examin", "Examin.csproj", "{98846A07-9BEB-447A-8745-3E3E553D10D7}"
EndProject
Global
	GlobalSection(SolutionConfigurationPlatforms) = preSolution
		Debug|Any CPU = Debug|Any CPU
		Release|Any CPU = Release|Any CPU
	EndGlobalSection
	GlobalSection(ProjectConfigurationPlatforms) = postSolution
		{98846A07-9BEB-447A-8745-3E3E553D10D7}.Debug|Any CPU.ActiveCfg = Debug|Any CPU
		{98846A07-9BEB-447A-8745-3E3E553D10D7}.Debug|Any CPU.Build.0 = Debug|Any CPU
		{98846A07-9BEB-447A-8745-3E3E553D10D7}.Release|Any CPU.ActiveCfg = Release|Any CPU
		{98846A07-9BEB-447A-8745-3E3E553D10D7}.Release|Any CPU.Build.0 = Release|Any CPU
	EndGlobalSection
	GlobalSection(SolutionProperties) = preSolution
		HideSolutionNode = FALSE
	EndGlobalSection
	GlobalSection(ExtensibilityGlobals) = postSolution
		SolutionGuid = {0E925267-F7E7-4EB0-9D67-BEC663226B9D}
	EndGlobalSection
EndGlobal
